
Microsoft Visual Studio Solution File, Format Version 12.00
# Visual Studio 15
VisualStudioVersion = 15.0.28010.2046
MinimumVisualStudioVersion = 10.0.40219.1
Project("{FAE04EC0-301F-11D3-BF4B-00C04F79EFBC}") = "FindAndReplace", "FindAndReplace\FindAndReplace.csproj", "{CAA59470-3C06-44AB-B0BE-2EB699CB9B88}"
EndProject
Global
	GlobalSection(SolutionConfigurationPlatforms) = preSolution
		Debug|Any CPU = Debug|Any CPU
		Release|Any CPU = Release|Any CPU
	EndGlobalSection
	GlobalSection(ProjectConfigurationPlatforms) = postSolution
		{CAA59470-3C06-44AB-B0BE-2EB699CB9B88}.Debug|Any CPU.ActiveCfg = Debug|Any CPU
		{CAA59470-3C06-44AB-B0BE-2EB699CB9B88}.Debug|Any CPU.Build.0 = Debug|Any CPU
		{CAA59470-3C06-44AB-B0BE-2EB699CB9B88}.Release|Any CPU.ActiveCfg = Release|Any CPU
		{CAA59470-3C06-44AB-B0BE-2EB699CB9B88}.Release|Any CPU.Build.0 = Release|Any CPU
	EndGlobalSection
	GlobalSection(SolutionProperties) = preSolution
		HideSolutionNode = FALSE
	EndGlobalSection
	GlobalSection(ExtensibilityGlobals) = postSolution
		SolutionGuid = {E3C7D85E-294C-423D-9A2D-2FBEDA22A673}
	EndGlobalSection
EndGlobal
